# This file is automatically @generated by Cargo.
# It is not intended for manual editing.
version = 4

[[package]]
name = "approx_eq"
version = "0.1.8"
source = "registry+https://github.com/rust-lang/crates.io-index"
checksum = "b3f9eb837c6a783fbf002e3e5cc7925a3aa6893d6d42f9169517528983777590"

[[package]]
name = "lds-rs"
version = "0.1.5"
dependencies = [
 "approx_eq",
]
